
Microsoft Visual Studio Solution File, Format Version 12.00
# Visual Studio Version 17
VisualStudioVersion = 17.5.33627.172
MinimumVisualStudioVersion = 10.0.40219.1
Project("{8BC9CEB8-8B4A-11D0-8D11-00A0C91BC942}") = "Recursion", "Recursion\Recursion.vcxproj", "{282066BA-9CC5-4995-B666-4D8BD44C823C}"
EndProject
Global
	GlobalSection(SolutionConfigurationPlatforms) = preSolution
		Debug|x64 = Debug|x64
		Debug|x86 = Debug|x86
		Release|x64 = Release|x64
		Release|x86 = Release|x86
	EndGlobalSection
	GlobalSection(ProjectConfigurationPlatforms) = postSolution
		{282066BA-9CC5-4995-B666-4D8BD44C823C}.Debug|x64.ActiveCfg = Debug|x64
		{282066BA-9CC5-4995-B666-4D8BD44C823C}.Debug|x64.Build.0 = Debug|x64
		{282066BA-9CC5-4995-B666-4D8BD44C823C}.Debug|x86.ActiveCfg = Debug|Win32
		{282066BA-9CC5-4995-B666-4D8BD44C823C}.Debug|x86.Build.0 = Debug|Win32
		{282066BA-9CC5-4995-B666-4D8BD44C823C}.Release|x64.ActiveCfg = Release|x64
		{282066BA-9CC5-4995-B666-4D8BD44C823C}.Release|x64.Build.0 = Release|x64
		{282066BA-9CC5-4995-B666-4D8BD44C823C}.Release|x86.ActiveCfg = Release|Win32
		{282066BA-9CC5-4995-B666-4D8BD44C823C}.Release|x86.Build.0 = Release|Win32
	EndGlobalSection
	GlobalSection(SolutionProperties) = preSolution
		HideSolutionNode = FALSE
	EndGlobalSection
	GlobalSection(ExtensibilityGlobals) = postSolution
		SolutionGuid = {BF323CBD-CC77-46EC-BD3B-5D6D8E4C56AF}
	EndGlobalSection
EndGlobal
